{
  "name": "datascape-it-limited",
  "lockfileVersion": 3,
  "requires": true,
  "packages": {
    "": {
      "dependencies": {
        "vue-top-progress": "^0.7.0"
      }
    },
    "node_modules/vue-top-progress": {
      "version": "0.7.0",
      "resolved": "https://registry.npmjs.org/vue-top-progress/-/vue-top-progress-0.7.0.tgz",
      "integrity": "sha512-pkZQuT3yxkRtB3QvrL2eF1h/F01JbJaI3eqdiM4CGZbsexLKJctYRolGHzK87c11moyx+aK8lwzeq8aPPoNOqA==",
      "license": "MIT"
    }
  }
}
